# THIS IS AN AUTOGENERATED FILE. DO NOT EDIT THIS FILE DIRECTLY.
# yarn lockfile v1


"@gorhom/bottom-sheet@^4.4.5":
  version "4.4.5"
  resolved "https://registry.yarnpkg.com/@gorhom/bottom-sheet/-/bottom-sheet-4.4.5.tgz#b9041b01ce1af9a936e7c0fc1d78f026d759eebe"
  integrity sha512-Z5Z20wshLUB8lIdtMKoJaRnjd64wBR/q8EeVPThrg+skrcBwBPHfUwZJ2srB0rEszA/01ejSJy/ixyd7Ra7vUA==
  dependencies:
    "@gorhom/portal" "1.0.14"
    invariant "^2.2.4"

"@gorhom/portal@1.0.14":
  version "1.0.14"
  resolved "https://registry.yarnpkg.com/@gorhom/portal/-/portal-1.0.14.tgz#1953edb76aaba80fb24021dc774550194a18e111"
  integrity sha512-MXyL4xvCjmgaORr/rtryDNFy3kU4qUbKlwtQqqsygd0xX3mhKjOLn6mQK8wfu0RkoE0pBE0nAasRoHua+/QZ7A==
  dependencies:
    nanoid "^3.3.1"

invariant@^2.2.4:
  version "2.2.4"
  resolved "https://registry.yarnpkg.com/invariant/-/invariant-2.2.4.tgz#610f3c92c9359ce1db616e538008d23ff35158e6"
  integrity sha512-phJfQVBuaJM5raOpJjSfkiD6BpbCE4Ns//LaXl6wGYtUBY83nWS6Rf9tXm2e8VaK60JEjYldbPif/A2B1C2gNA==
  dependencies:
    loose-envify "^1.0.0"

"js-tokens@^3.0.0 || ^4.0.0":
  version "4.0.0"
  resolved "https://registry.yarnpkg.com/js-tokens/-/js-tokens-4.0.0.tgz#19203fb59991df98e3a287050d4647cdeaf32499"
  integrity sha512-RdJUflcE3cUzKiMqQgsCu06FPu9UdIJO0beYbPhHN4k6apgJtifcoCtT9bcxOpYBtpD2kCM6Sbzg4CausW/PKQ==

loose-envify@^1.0.0:
  version "1.4.0"
  resolved "https://registry.yarnpkg.com/loose-envify/-/loose-envify-1.4.0.tgz#71ee51fa7be4caec1a63839f7e682d8132d30caf"
  integrity sha512-lyuxPGr/Wfhrlem2CL/UcnUc1zcqKAImBDzukY7Y5F/yQiNdko6+fRLevlw1HgMySw7f611UIY408EtxRSoK3Q==
  dependencies:
    js-tokens "^3.0.0 || ^4.0.0"

nanoid@^3.3.1:
  version "3.3.4"
  resolved "https://registry.yarnpkg.com/nanoid/-/nanoid-3.3.4.tgz#730b67e3cd09e2deacf03c027c81c9d9dbc5e8ab"
  integrity sha512-MqBkQh/OHTS2egovRtLk45wEyNXwF+cokD+1YPf9u5VfJiRdAiRwB2froX5Co9Rh20xs4siNPm8naNotSD6RBw==
